# This file is automatically @generated by Cargo.
# It is not intended for manual editing.
version = 3

[[package]]
name = "demo-app"
version = "0.1.0"
dependencies = [
 "firefly-rust",
]

[[package]]
name = "firefly-rust"
version = "0.8.0"
source = "registry+https://github.com/rust-lang/crates.io-index"
checksum = "d454a240311aee40526a4e249a87f7b177f4ab01ec57776e5e3d5fd4eaea6184"
